{
  "name": "wikidata-timeline",
  "version": "1.2.1",
  "lockfileVersion": 1,
  "requires": true,
  "dependencies": {
    "angular": {
      "version": "1.7.6",
      "resolved": "https://registry.npmjs.org/angular/-/angular-1.7.6.tgz",
      "integrity": "sha512-QELpvuMIe1FTGniAkRz93O6A+di0yu88niDwcdzrSqtUHNtZMgtgFS4f7W/6Gugbuwej8Kyswlmymwdp8iPCWg=="
    },
    "angular-route": {
      "version": "1.7.6",
      "resolved": "https://registry.npmjs.org/angular-route/-/angular-route-1.7.6.tgz",
      "integrity": "sha512-pssJ9IdZfXdFO5lYUokIeihTUjZf9Wvy+hwyuZdFj2BBr7dIccpVfdIv9LbbH+4ahVLQrY5tzuyJQh/Hp7gRaQ=="
    },
    "bootstrap": {
      "version": "3.3.7",
      "resolved": "https://registry.npmjs.org/bootstrap/-/bootstrap-3.3.7.tgz",
      "integrity": "sha1-WjiTlFSfIzMIdaOxUGVldPip63E="
    },
    "codemirror": {
      "version": "5.43.0",
      "resolved": "https://registry.npmjs.org/codemirror/-/codemirror-5.43.0.tgz",
      "integrity": "sha512-mljwQWUaWIf85I7QwTBryF2ASaIvmYAL4s5UCanCJFfKeXOKhrqdHWdHiZWAMNT+hjLTCnVx2S/SYTORIgxsgA=="
    },
    "d3": {
      "version": "3.5.17",
      "resolved": "https://registry.npmjs.org/d3/-/d3-3.5.17.tgz",
      "integrity": "sha1-vEZ0gAQ3iyGjYMn8fPUjF5B2L7g="
    },
    "jquery": {
      "version": "3.3.1",
      "resolved": "https://registry.npmjs.org/jquery/-/jquery-3.3.1.tgz",
      "integrity": "sha512-Ubldcmxp5np52/ENotGxlLe6aGMvmF4R8S6tZjsP6Knsaxd/xp3Zrh50cG93lR6nPXyUFwzN3ZSOQI0wRJNdGg=="
    }
  }
}
